
Microsoft Visual Studio Solution File, Format Version 11.00
# Visual Studio 2010
Project("{FAE04EC0-301F-11D3-BF4B-00C04F79EFBC}") = "Assembly-CSharp", "Assembly-CSharp.csproj", "{99F00608-D849-7F05-6286-FD6FEEB78B52}"
EndProject
Project("{FAE04EC0-301F-11D3-BF4B-00C04F79EFBC}") = "Assembly-CSharp-firstpass", "Assembly-CSharp-firstpass.csproj", "{5F6B6BB4-3BDB-CF1E-8A68-D53EBD1D7C7D}"
EndProject
Global
	GlobalSection(SolutionConfigurationPlatforms) = preSolution
		Debug|Any CPU = Debug|Any CPU
		Release|Any CPU = Release|Any CPU
	EndGlobalSection
	GlobalSection(ProjectConfigurationPlatforms) = postSolution
		{99F00608-D849-7F05-6286-FD6FEEB78B52}.Debug|Any CPU.ActiveCfg = Debug|Any CPU
		{99F00608-D849-7F05-6286-FD6FEEB78B52}.Debug|Any CPU.Build.0 = Debug|Any CPU
		{99F00608-D849-7F05-6286-FD6FEEB78B52}.Release|Any CPU.ActiveCfg = Release|Any CPU
		{99F00608-D849-7F05-6286-FD6FEEB78B52}.Release|Any CPU.Build.0 = Release|Any CPU
		{5F6B6BB4-3BDB-CF1E-8A68-D53EBD1D7C7D}.Debug|Any CPU.ActiveCfg = Debug|Any CPU
		{5F6B6BB4-3BDB-CF1E-8A68-D53EBD1D7C7D}.Debug|Any CPU.Build.0 = Debug|Any CPU
		{5F6B6BB4-3BDB-CF1E-8A68-D53EBD1D7C7D}.Release|Any CPU.ActiveCfg = Release|Any CPU
		{5F6B6BB4-3BDB-CF1E-8A68-D53EBD1D7C7D}.Release|Any CPU.Build.0 = Release|Any CPU
	EndGlobalSection
	GlobalSection(SolutionProperties) = preSolution
		HideSolutionNode = FALSE
	EndGlobalSection
	GlobalSection(MonoDevelopProperties) = preSolution
		StartupItem = Assembly-CSharp.csproj
	EndGlobalSection
EndGlobal
